
Microsoft Visual Studio Solution File, Format Version 12.00
# Visual Studio Version 16
VisualStudioVersion = 16.0.31702.278
MinimumVisualStudioVersion = 10.0.40219.1
Project("{FAE04EC0-301F-11D3-BF4B-00C04F79EFBC}") = "Laba12", "Laba12.csproj", "{19E1F595-D70F-4658-9686-67E25026876B}"
EndProject
Global
	GlobalSection(SolutionConfigurationPlatforms) = preSolution
		Debug|Any CPU = Debug|Any CPU
		Release|Any CPU = Release|Any CPU
	EndGlobalSection
	GlobalSection(ProjectConfigurationPlatforms) = postSolution
		{19E1F595-D70F-4658-9686-67E25026876B}.Debug|Any CPU.ActiveCfg = Debug|Any CPU
		{19E1F595-D70F-4658-9686-67E25026876B}.Debug|Any CPU.Build.0 = Debug|Any CPU
		{19E1F595-D70F-4658-9686-67E25026876B}.Release|Any CPU.ActiveCfg = Release|Any CPU
		{19E1F595-D70F-4658-9686-67E25026876B}.Release|Any CPU.Build.0 = Release|Any CPU
	EndGlobalSection
	GlobalSection(SolutionProperties) = preSolution
		HideSolutionNode = FALSE
	EndGlobalSection
	GlobalSection(ExtensibilityGlobals) = postSolution
		SolutionGuid = {B025DB61-70D9-443F-9CFF-69B40FAA9F45}
	EndGlobalSection
EndGlobal
